// !$*UTF8*$!
{
	archiveVersion = 1;
	classes = {
	};
	objectVersion = 46;
	objects = {

/* Begin PBXBuildFile section */
		B43A642E1850FA500067BF27 /* okraj_detailpark.png in Resources */ = {isa = PBXBuildFile; fileRef = B43A642D1850FA500067BF27 /* okraj_detailpark.png */; };
		B43A64301850FC350067BF27 /* okraj_tableparky.png in Resources */ = {isa = PBXBuildFile; fileRef = B43A642F1850FC350067BF27 /* okraj_tableparky.png */; };
		B43A6436185106000067BF27 /* vlocka.png in Resources */ = {isa = PBXBuildFile; fileRef = B43A6435185106000067BF27 /* vlocka.png */; };
		B43A6439185107B00067BF27 /* park_neprovoz.png in Resources */ = {isa = PBXBuildFile; fileRef = B43A6437185107B00067BF27 /* park_neprovoz.png */; };
		B43A643A185107B00067BF27 /* park_v_provozu.png in Resources */ = {isa = PBXBuildFile; fileRef = B43A6438185107B00067BF27 /* park_v_provozu.png */; };
		B44390891822F8B2004A2BA7 /* Foundation.framework in Frameworks */ = {isa = PBXBuildFile; fileRef = B44390881822F8B2004A2BA7 /* Foundation.framework */; };
		B443908B1822F8B2004A2BA7 /* CoreGraphics.framework in Frameworks */ = {isa = PBXBuildFile; fileRef = B443908A1822F8B2004A2BA7 /* CoreGraphics.framework */; };
		B443908D1822F8B2004A2BA7 /* UIKit.framework in Frameworks */ = {isa = PBXBuildFile; fileRef = B443908C1822F8B2004A2BA7 /* UIKit.framework */; };
		B44390931822F8B2004A2BA7 /* InfoPlist.strings in Resources */ = {isa = PBXBuildFile; fileRef = B44390911822F8B2004A2BA7 /* InfoPlist.strings */; };
		B44390951822F8B2004A2BA7 /* main.m in Sources */ = {isa = PBXBuildFile; fileRef = B44390941822F8B2004A2BA7 /* main.m */; };
		B44390991822F8B2004A2BA7 /* Freeride_Parks_InfoAppDelegate.m in Sources */ = {isa = PBXBuildFile; fileRef = B44390981822F8B2004A2BA7 /* Freeride_Parks_InfoAppDelegate.m */; };
		B443909C1822F8B2004A2BA7 /* Main.storyboard in Resources */ = {isa = PBXBuildFile; fileRef = B443909A1822F8B2004A2BA7 /* Main.storyboard */; };
		B443909F1822F8B2004A2BA7 /* Freeride_Parks_InfoViewController.m in Sources */ = {isa = PBXBuildFile; fileRef = B443909E1822F8B2004A2BA7 /* Freeride_Parks_InfoViewController.m */; };
		B44390A11822F8B2004A2BA7 /* Images.xcassets in Resources */ = {isa = PBXBuildFile; fileRef = B44390A01822F8B2004A2BA7 /* Images.xcassets */; };
		B44390BE1822F8F3004A2BA7 /* pozadi.png in Resources */ = {isa = PBXBuildFile; fileRef = B44390BD1822F8F3004A2BA7 /* pozadi.png */; };
		B44390C218231D29004A2BA7 /* Dachstein_test.png in Resources */ = {isa = PBXBuildFile; fileRef = B44390C118231D29004A2BA7 /* Dachstein_test.png */; };
		B44390C418231FD6004A2BA7 /* prekazky_test.png in Resources */ = {isa = PBXBuildFile; fileRef = B44390C318231FD6004A2BA7 /* prekazky_test.png */; };
		B44390C618232178004A2BA7 /* snih.png in Resources */ = {isa = PBXBuildFile; fileRef = B44390C518232178004A2BA7 /* snih.png */; };
		E90587ED18509A9400C13C4D /* fotkyView.m in Sources */ = {isa = PBXBuildFile; fileRef = E90587EC18509A9400C13C4D /* fotkyView.m */; };
		E90587F018509ACD00C13C4D /* fotkaCell.m in Sources */ = {isa = PBXBuildFile; fileRef = E90587EF18509ACD00C13C4D /* fotkaCell.m */; };
		E919685A185748A3009FA1E2 /* SDWebImage.framework in Frameworks */ = {isa = PBXBuildFile; fileRef = E9196859185748A3009FA1E2 /* SDWebImage.framework */; };
		E919685D18577B75009FA1E2 /* tableviewokraj_parky.png in Resources */ = {isa = PBXBuildFile; fileRef = E919685B18577B75009FA1E2 /* tableviewokraj_parky.png */; };
		E919685E18577B75009FA1E2 /* tableviewokraj_detailparku.png in Resources */ = {isa = PBXBuildFile; fileRef = E919685C18577B75009FA1E2 /* tableviewokraj_detailparku.png */; };
		E928E4851850BF8900FB157C /* ImageIO.framework in Frameworks */ = {isa = PBXBuildFile; fileRef = E928E4841850BF8900FB157C /* ImageIO.framework */; };
		E950E63D184BCA8700D94C51 /* SeznamCell.m in Sources */ = {isa = PBXBuildFile; fileRef = E950E63C184BCA8700D94C51 /* SeznamCell.m */; };
		E950E63F184C933800D94C51 /* CoreLocation.framework in Frameworks */ = {isa = PBXBuildFile; fileRef = E950E63E184C933800D94C51 /* CoreLocation.framework */; };
		E950E642184C96D200D94C51 /* DetailViewController.m in Sources */ = {isa = PBXBuildFile; fileRef = E950E641184C96D200D94C51 /* DetailViewController.m */; };
		E950E645184C96ED00D94C51 /* DetailCell.m in Sources */ = {isa = PBXBuildFile; fileRef = E950E644184C96ED00D94C51 /* DetailCell.m */; };
		E950E648184C972800D94C51 /* PrekazkyViewController.m in Sources */ = {isa = PBXBuildFile; fileRef = E950E647184C972800D94C51 /* PrekazkyViewController.m */; };
		E950E64B184C975600D94C51 /* PrekazkyCell.m in Sources */ = {isa = PBXBuildFile; fileRef = E950E64A184C975600D94C51 /* PrekazkyCell.m */; };
		E950E656184CA86800D94C51 /* QuartzCore.framework in Frameworks */ = {isa = PBXBuildFile; fileRef = E950E655184CA86800D94C51 /* QuartzCore.framework */; };
		E9A418DF184DD3690001BE8B /* aktualni_modry.png in Resources */ = {isa = PBXBuildFile; fileRef = E9A418D3184DD3690001BE8B /* aktualni_modry.png */; };
		E9A418E0184DD3690001BE8B /* aktualni.png in Resources */ = {isa = PBXBuildFile; fileRef = E9A418D4184DD3690001BE8B /* aktualni.png */; };
		E9A418E1184DD3690001BE8B /* nejblizsi_modry.png in Resources */ = {isa = PBXBuildFile; fileRef = E9A418D5184DD3690001BE8B /* nejblizsi_modry.png */; };
		E9A418E2184DD3690001BE8B /* nejblizsi.png in Resources */ = {isa = PBXBuildFile; fileRef = E9A418D6184DD3690001BE8B /* nejblizsi.png */; };
		E9A418E3184DD3690001BE8B /* oblibene_bile.png in Resources */ = {isa = PBXBuildFile; fileRef = E9A418D7184DD3690001BE8B /* oblibene_bile.png */; };
		E9A418E4184DD3690001BE8B /* oblibene_modre.png in Resources */ = {isa = PBXBuildFile; fileRef = E9A418D8184DD3690001BE8B /* oblibene_modre.png */; };
		E9A418E5184DD3690001BE8B /* oblibene.png in Resources */ = {isa = PBXBuildFile; fileRef = E9A418D9184DD3690001BE8B /* oblibene.png */; };
		E9A418E8184DD3690001BE8B /* snow_bile.png in Resources */ = {isa = PBXBuildFile; fileRef = E9A418DC184DD3690001BE8B /* snow_bile.png */; };
		E9A418E9184DD3690001BE8B /* snow_modre.png in Resources */ = {isa = PBXBuildFile; fileRef = E9A418DD184DD3690001BE8B /* snow_modre.png */; };
		E9A418EA184DD3690001BE8B /* vlocka_info_parky.png in Resources */ = {isa = PBXBuildFile; fileRef = E9A418DE184DD3690001BE8B /* vlocka_info_parky.png */; };
		E9A418F3184DDFE30001BE8B /* navigovat_modry.png in Resources */ = {isa = PBXBuildFile; fileRef = E9A418EB184DDFE30001BE8B /* navigovat_modry.png */; };
		E9A418F4184DDFE30001BE8B /* aktualnid.png in Resources */ = {isa = PBXBuildFile; fileRef = E9A418EC184DDFE30001BE8B /* aktualnid.png */; };
		E9A418F5184DDFE30001BE8B /* komentare_detail.png in Resources */ = {isa = PBXBuildFile; fileRef = E9A418ED184DDFE30001BE8B /* komentare_detail.png */; };
		E9A418F6184DDFE30001BE8B /* navigovat.png in Resources */ = {isa = PBXBuildFile; fileRef = E9A418EE184DDFE30001BE8B /* navigovat.png */; };
		E9A418F7184DDFE30001BE8B /* popis_modry.png in Resources */ = {isa = PBXBuildFile; fileRef = E9A418EF184DDFE30001BE8B /* popis_modry.png */; };
		E9A418F8184DDFE30001BE8B /* komentare.png in Resources */ = {isa = PBXBuildFile; fileRef = E9A418F0184DDFE30001BE8B /* komentare.png */; };
		E9A418F9184DDFE30001BE8B /* popis.png in Resources */ = {isa = PBXBuildFile; fileRef = E9A418F1184DDFE30001BE8B /* popis.png */; };
		E9A418FA184DDFE30001BE8B /* aktualnid_modry.png in Resources */ = {isa = PBXBuildFile; fileRef = E9A418F2184DDFE30001BE8B /* aktualnid_modry.png */; };
		E9A418FD184DEC1D0001BE8B /* prekazkaje.png in Resources */ = {isa = PBXBuildFile; fileRef = E9A418FB184DEC1D0001BE8B /* prekazkaje.png */; };
		E9A418FE184DEC1D0001BE8B /* prekazkaneni.png in Resources */ = {isa = PBXBuildFile; fileRef = E9A418FC184DEC1D0001BE8B /* prekazkaneni.png */; };
/* End PBXBuildFile section */

/* Begin PBXFileReference section */
		B43A642D1850FA500067BF27 /* okraj_detailpark.png */ = {isa = PBXFileReference; lastKnownFileType = image.png; path = okraj_detailpark.png; sourceTree = "<group>"; };
		B43A642F1850FC350067BF27 /* okraj_tableparky.png */ = {isa = PBXFileReference; lastKnownFileType = image.png; path = okraj_tableparky.png; sourceTree = "<group>"; };
		B43A6435185106000067BF27 /* vlocka.png */ = {isa = PBXFileReference; lastKnownFileType = image.png; path = vlocka.png; sourceTree = "<group>"; };
		B43A6437185107B00067BF27 /* park_neprovoz.png */ = {isa = PBXFileReference; lastKnownFileType = image.png; path = park_neprovoz.png; sourceTree = "<group>"; };
		B43A6438185107B00067BF27 /* park_v_provozu.png */ = {isa = PBXFileReference; lastKnownFileType = image.png; path = park_v_provozu.png; sourceTree = "<group>"; };
		B44390851822F8B2004A2BA7 /* Freeride Parks Info.app */ = {isa = PBXFileReference; explicitFileType = wrapper.application; includeInIndex = 0; path = "Freeride Parks Info.app"; sourceTree = BUILT_PRODUCTS_DIR; };
		B44390881822F8B2004A2BA7 /* Foundation.framework */ = {isa = PBXFileReference; lastKnownFileType = wrapper.framework; name = Foundation.framework; path = System/Library/Frameworks/Foundation.framework; sourceTree = SDKROOT; };
		B443908A1822F8B2004A2BA7 /* CoreGraphics.framework */ = {isa = PBXFileReference; lastKnownFileType = wrapper.framework; name = CoreGraphics.framework; path = System/Library/Frameworks/CoreGraphics.framework; sourceTree = SDKROOT; };
		B443908C1822F8B2004A2BA7 /* UIKit.framework */ = {isa = PBXFileReference; lastKnownFileType = wrapper.framework; name = UIKit.framework; path = System/Library/Frameworks/UIKit.framework; sourceTree = SDKROOT; };
		B44390901822F8B2004A2BA7 /* Freeride Parks Info-Info.plist */ = {isa = PBXFileReference; lastKnownFileType = text.plist.xml; path = "Freeride Parks Info-Info.plist"; sourceTree = "<group>"; };
		B44390921822F8B2004A2BA7 /* en */ = {isa = PBXFileReference; lastKnownFileType = text.plist.strings; name = en; path = en.lproj/InfoPlist.strings; sourceTree = "<group>"; };
		B44390941822F8B2004A2BA7 /* main.m */ = {isa = PBXFileReference; lastKnownFileType = sourcecode.c.objc; path = main.m; sourceTree = "<group>"; };
		B44390961822F8B2004A2BA7 /* Freeride Parks Info-Prefix.pch */ = {isa = PBXFileReference; lastKnownFileType = sourcecode.c.h; path = "Freeride Parks Info-Prefix.pch"; sourceTree = "<group>"; };
		B44390971822F8B2004A2BA7 /* Freeride_Parks_InfoAppDelegate.h */ = {isa = PBXFileReference; lastKnownFileType = sourcecode.c.h; path = Freeride_Parks_InfoAppDelegate.h; sourceTree = "<group>"; };
		B44390981822F8B2004A2BA7 /* Freeride_Parks_InfoAppDelegate.m */ = {isa = PBXFileReference; lastKnownFileType = sourcecode.c.objc; path = Freeride_Parks_InfoAppDelegate.m; sourceTree = "<group>"; };
		B443909B1822F8B2004A2BA7 /* Base */ = {isa = PBXFileReference; lastKnownFileType = file.storyboard; name = Base; path = Base.lproj/Main.storyboard; sourceTree = "<group>"; };
		B443909D1822F8B2004A2BA7 /* Freeride_Parks_InfoViewController.h */ = {isa = PBXFileReference; lastKnownFileType = sourcecode.c.h; path = Freeride_Parks_InfoViewController.h; sourceTree = "<group>"; };
		B443909E1822F8B2004A2BA7 /* Freeride_Parks_InfoViewController.m */ = {isa = PBXFileReference; lastKnownFileType = sourcecode.c.objc; path = Freeride_Parks_InfoViewController.m; sourceTree = "<group>"; };
		B44390A01822F8B2004A2BA7 /* Images.xcassets */ = {isa = PBXFileReference; lastKnownFileType = folder.assetcatalog; path = Images.xcassets; sourceTree = "<group>"; };
		B44390A71822F8B2004A2BA7 /* XCTest.framework */ = {isa = PBXFileReference; lastKnownFileType = wrapper.framework; name = XCTest.framework; path = Library/Frameworks/XCTest.framework; sourceTree = DEVELOPER_DIR; };
		B44390BD1822F8F3004A2BA7 /* pozadi.png */ = {isa = PBXFileReference; lastKnownFileType = image.png; path = pozadi.png; sourceTree = "<group>"; };
		B44390C01823193C004A2BA7 /* frlogo */ = {isa = PBXFileReference; lastKnownFileType = file; path = frlogo; sourceTree = "<group>"; };
		B44390C118231D29004A2BA7 /* Dachstein_test.png */ = {isa = PBXFileReference; lastKnownFileType = image.png; path = Dachstein_test.png; sourceTree = "<group>"; };
		B44390C318231FD6004A2BA7 /* prekazky_test.png */ = {isa = PBXFileReference; lastKnownFileType = image.png; path = prekazky_test.png; sourceTree = "<group>"; };
		B44390C518232178004A2BA7 /* snih.png */ = {isa = PBXFileReference; lastKnownFileType = image.png; path = snih.png; sourceTree = "<group>"; };
		E90587EB18509A9400C13C4D /* fotkyView.h */ = {isa = PBXFileReference; fileEncoding = 4; lastKnownFileType = sourcecode.c.h; path = fotkyView.h; sourceTree = "<group>"; };
		E90587EC18509A9400C13C4D /* fotkyView.m */ = {isa = PBXFileReference; fileEncoding = 4; lastKnownFileType = sourcecode.c.objc; path = fotkyView.m; sourceTree = "<group>"; };
		E90587EE18509ACD00C13C4D /* fotkaCell.h */ = {isa = PBXFileReference; fileEncoding = 4; lastKnownFileType = sourcecode.c.h; path = fotkaCell.h; sourceTree = "<group>"; };
		E90587EF18509ACD00C13C4D /* fotkaCell.m */ = {isa = PBXFileReference; fileEncoding = 4; lastKnownFileType = sourcecode.c.objc; path = fotkaCell.m; sourceTree = "<group>"; };
		E9196859185748A3009FA1E2 /* SDWebImage.framework */ = {isa = PBXFileReference; lastKnownFileType = wrapper.framework; path = SDWebImage.framework; sourceTree = "<group>"; };
		E919685B18577B75009FA1E2 /* tableviewokraj_parky.png */ = {isa = PBXFileReference; lastKnownFileType = image.png; path = tableviewokraj_parky.png; sourceTree = "<group>"; };
		E919685C18577B75009FA1E2 /* tableviewokraj_detailparku.png */ = {isa = PBXFileReference; lastKnownFileType = image.png; path = tableviewokraj_detailparku.png; sourceTree = "<group>"; };
		E928E4841850BF8900FB157C /* ImageIO.framework */ = {isa = PBXFileReference; lastKnownFileType = wrapper.framework; name = ImageIO.framework; path = System/Library/Frameworks/ImageIO.framework; sourceTree = SDKROOT; };
		E950E63B184BCA8700D94C51 /* SeznamCell.h */ = {isa = PBXFileReference; fileEncoding = 4; lastKnownFileType = sourcecode.c.h; path = SeznamCell.h; sourceTree = "<group>"; };
		E950E63C184BCA8700D94C51 /* SeznamCell.m */ = {isa = PBXFileReference; fileEncoding = 4; lastKnownFileType = sourcecode.c.objc; path = SeznamCell.m; sourceTree = "<group>"; };
		E950E63E184C933800D94C51 /* CoreLocation.framework */ = {isa = PBXFileReference; lastKnownFileType = wrapper.framework; name = CoreLocation.framework; path = System/Library/Frameworks/CoreLocation.framework; sourceTree = SDKROOT; };
		E950E640184C96D200D94C51 /* DetailViewController.h */ = {isa = PBXFileReference; fileEncoding = 4; lastKnownFileType = sourcecode.c.h; path = DetailViewController.h; sourceTree = "<group>"; };
		E950E641184C96D200D94C51 /* DetailViewController.m */ = {isa = PBXFileReference; fileEncoding = 4; lastKnownFileType = sourcecode.c.objc; path = DetailViewController.m; sourceTree = "<group>"; };
		E950E643184C96ED00D94C51 /* DetailCell.h */ = {isa = PBXFileReference; fileEncoding = 4; lastKnownFileType = sourcecode.c.h; path = DetailCell.h; sourceTree = "<group>"; };
		E950E644184C96ED00D94C51 /* DetailCell.m */ = {isa = PBXFileReference; fileEncoding = 4; lastKnownFileType = sourcecode.c.objc; path = DetailCell.m; sourceTree = "<group>"; };
		E950E646184C972800D94C51 /* PrekazkyViewController.h */ = {isa = PBXFileReference; fileEncoding = 4; lastKnownFileType = sourcecode.c.h; path = PrekazkyViewController.h; sourceTree = "<group>"; };
		E950E647184C972800D94C51 /* PrekazkyViewController.m */ = {isa = PBXFileReference; fileEncoding = 4; lastKnownFileType = sourcecode.c.objc; path = PrekazkyViewController.m; sourceTree = "<group>"; };
		E950E649184C975600D94C51 /* PrekazkyCell.h */ = {isa = PBXFileReference; fileEncoding = 4; lastKnownFileType = sourcecode.c.h; path = PrekazkyCell.h; sourceTree = "<group>"; };
		E950E64A184C975600D94C51 /* PrekazkyCell.m */ = {isa = PBXFileReference; fileEncoding = 4; lastKnownFileType = sourcecode.c.objc; path = PrekazkyCell.m; sourceTree = "<group>"; };
		E950E655184CA86800D94C51 /* QuartzCore.framework */ = {isa = PBXFileReference; lastKnownFileType = wrapper.framework; name = QuartzCore.framework; path = System/Library/Frameworks/QuartzCore.framework; sourceTree = SDKROOT; };
		E9A418D3184DD3690001BE8B /* aktualni_modry.png */ = {isa = PBXFileReference; lastKnownFileType = image.png; path = aktualni_modry.png; sourceTree = "<group>"; };
		E9A418D4184DD3690001BE8B /* aktualni.png */ = {isa = PBXFileReference; lastKnownFileType = image.png; path = aktualni.png; sourceTree = "<group>"; };
		E9A418D5184DD3690001BE8B /* nejblizsi_modry.png */ = {isa = PBXFileReference; lastKnownFileType = image.png; path = nejblizsi_modry.png; sourceTree = "<group>"; };
		E9A418D6184DD3690001BE8B /* nejblizsi.png */ = {isa = PBXFileReference; lastKnownFileType = image.png; path = nejblizsi.png; sourceTree = "<group>"; };
		E9A418D7184DD3690001BE8B /* oblibene_bile.png */ = {isa = PBXFileReference; lastKnownFileType = image.png; path = oblibene_bile.png; sourceTree = "<group>"; };
		E9A418D8184DD3690001BE8B /* oblibene_modre.png */ = {isa = PBXFileReference; lastKnownFileType = image.png; path = oblibene_modre.png; sourceTree = "<group>"; };
		E9A418D9184DD3690001BE8B /* oblibene.png */ = {isa = PBXFileReference; lastKnownFileType = image.png; path = oblibene.png; sourceTree = "<group>"; };
		E9A418DC184DD3690001BE8B /* snow_bile.png */ = {isa = PBXFileReference; lastKnownFileType = image.png; path = snow_bile.png; sourceTree = "<group>"; };
		E9A418DD184DD3690001BE8B /* snow_modre.png */ = {isa = PBXFileReference; lastKnownFileType = image.png; path = snow_modre.png; sourceTree = "<group>"; };
		E9A418DE184DD3690001BE8B /* vlocka_info_parky.png */ = {isa = PBXFileReference; lastKnownFileType = image.png; path = vlocka_info_parky.png; sourceTree = "<group>"; };
		E9A418EB184DDFE30001BE8B /* navigovat_modry.png */ = {isa = PBXFileReference; lastKnownFileType = image.png; path = navigovat_modry.png; sourceTree = "<group>"; };
		E9A418EC184DDFE30001BE8B /* aktualnid.png */ = {isa = PBXFileReference; lastKnownFileType = image.png; path = aktualnid.png; sourceTree = "<group>"; };
		E9A418ED184DDFE30001BE8B /* komentare_detail.png */ = {isa = PBXFileReference; lastKnownFileType = image.png; path = komentare_detail.png; sourceTree = "<group>"; };
		E9A418EE184DDFE30001BE8B /* navigovat.png */ = {isa = PBXFileReference; lastKnownFileType = image.png; path = navigovat.png; sourceTree = "<group>"; };
		E9A418EF184DDFE30001BE8B /* popis_modry.png */ = {isa = PBXFileReference; lastKnownFileType = image.png; path = popis_modry.png; sourceTree = "<group>"; };
		E9A418F0184DDFE30001BE8B /* komentare.png */ = {isa = PBXFileReference; lastKnownFileType = image.png; path = komentare.png; sourceTree = "<group>"; };
		E9A418F1184DDFE30001BE8B /* popis.png */ = {isa = PBXFileReference; lastKnownFileType = image.png; path = popis.png; sourceTree = "<group>"; };
		E9A418F2184DDFE30001BE8B /* aktualnid_modry.png */ = {isa = PBXFileReference; lastKnownFileType = image.png; path = aktualnid_modry.png; sourceTree = "<group>"; };
		E9A418FB184DEC1D0001BE8B /* prekazkaje.png */ = {isa = PBXFileReference; lastKnownFileType = image.png; path = prekazkaje.png; sourceTree = "<group>"; };
		E9A418FC184DEC1D0001BE8B /* prekazkaneni.png */ = {isa = PBXFileReference; lastKnownFileType = image.png; path = prekazkaneni.png; sourceTree = "<group>"; };
/* End PBXFileReference section */

/* Begin PBXFrameworksBuildPhase section */
		B44390821822F8B2004A2BA7 /* Frameworks */ = {
			isa = PBXFrameworksBuildPhase;
			buildActionMask = 2147483647;
			files = (
				E928E4851850BF8900FB157C /* ImageIO.framework in Frameworks */,
				B443908B1822F8B2004A2BA7 /* CoreGraphics.framework in Frameworks */,
				E950E656184CA86800D94C51 /* QuartzCore.framework in Frameworks */,
				E950E63F184C933800D94C51 /* CoreLocation.framework in Frameworks */,
				E919685A185748A3009FA1E2 /* SDWebImage.framework in Frameworks */,
				B443908D1822F8B2004A2BA7 /* UIKit.framework in Frameworks */,
				B44390891822F8B2004A2BA7 /* Foundation.framework in Frameworks */,
			);
			runOnlyForDeploymentPostprocessing = 0;
		};
/* End PBXFrameworksBuildPhase section */

/* Begin PBXGroup section */
		B443907C1822F8B2004A2BA7 = {
			isa = PBXGroup;
			children = (
				E9196859185748A3009FA1E2 /* SDWebImage.framework */,
				B443908E1822F8B2004A2BA7 /* Freeride Parks Info */,
				B44390871822F8B2004A2BA7 /* Frameworks */,
				B44390861822F8B2004A2BA7 /* Products */,
			);
			sourceTree = "<group>";
		};
		B44390861822F8B2004A2BA7 /* Products */ = {
			isa = PBXGroup;
			children = (
				B44390851822F8B2004A2BA7 /* Freeride Parks Info.app */,
			);
			name = Products;
			sourceTree = "<group>";
		};
		B44390871822F8B2004A2BA7 /* Frameworks */ = {
			isa = PBXGroup;
			children = (
				E928E4841850BF8900FB157C /* ImageIO.framework */,
				E950E655184CA86800D94C51 /* QuartzCore.framework */,
				E950E63E184C933800D94C51 /* CoreLocation.framework */,
				B44390881822F8B2004A2BA7 /* Foundation.framework */,
				B443908A1822F8B2004A2BA7 /* CoreGraphics.framework */,
				B443908C1822F8B2004A2BA7 /* UIKit.framework */,
				B44390A71822F8B2004A2BA7 /* XCTest.framework */,
			);
			name = Frameworks;
			sourceTree = "<group>";
		};
		B443908E1822F8B2004A2BA7 /* Freeride Parks Info */ = {
			isa = PBXGroup;
			children = (
				B44390BF1822F8FF004A2BA7 /* Obrazky */,
				B44390971822F8B2004A2BA7 /* Freeride_Parks_InfoAppDelegate.h */,
				B44390981822F8B2004A2BA7 /* Freeride_Parks_InfoAppDelegate.m */,
				B443909A1822F8B2004A2BA7 /* Main.storyboard */,
				B443909D1822F8B2004A2BA7 /* Freeride_Parks_InfoViewController.h */,
				B443909E1822F8B2004A2BA7 /* Freeride_Parks_InfoViewController.m */,
				E950E63B184BCA8700D94C51 /* SeznamCell.h */,
				E950E63C184BCA8700D94C51 /* SeznamCell.m */,
				E950E640184C96D200D94C51 /* DetailViewController.h */,
				E950E641184C96D200D94C51 /* DetailViewController.m */,
				E950E643184C96ED00D94C51 /* DetailCell.h */,
				E950E644184C96ED00D94C51 /* DetailCell.m */,
				E950E646184C972800D94C51 /* PrekazkyViewController.h */,
				E950E647184C972800D94C51 /* PrekazkyViewController.m */,
				E950E649184C975600D94C51 /* PrekazkyCell.h */,
				E950E64A184C975600D94C51 /* PrekazkyCell.m */,
				E90587EB18509A9400C13C4D /* fotkyView.h */,
				E90587EC18509A9400C13C4D /* fotkyView.m */,
				E90587EE18509ACD00C13C4D /* fotkaCell.h */,
				E90587EF18509ACD00C13C4D /* fotkaCell.m */,
				B44390A01822F8B2004A2BA7 /* Images.xcassets */,
				B443908F1822F8B2004A2BA7 /* Supporting Files */,
			);
			path = "Freeride Parks Info";
			sourceTree = "<group>";
		};
		B443908F1822F8B2004A2BA7 /* Supporting Files */ = {
			isa = PBXGroup;
			children = (
				E919685B18577B75009FA1E2 /* tableviewokraj_parky.png */,
				E919685C18577B75009FA1E2 /* tableviewokraj_detailparku.png */,
				E9A418FB184DEC1D0001BE8B /* prekazkaje.png */,
				E9A418FC184DEC1D0001BE8B /* prekazkaneni.png */,
				E9A418EB184DDFE30001BE8B /* navigovat_modry.png */,
				E9A418EC184DDFE30001BE8B /* aktualnid.png */,
				E9A418ED184DDFE30001BE8B /* komentare_detail.png */,
				E9A418EE184DDFE30001BE8B /* navigovat.png */,
				E9A418EF184DDFE30001BE8B /* popis_modry.png */,
				B43A6437185107B00067BF27 /* park_neprovoz.png */,
				B43A6438185107B00067BF27 /* park_v_provozu.png */,
				E9A418F0184DDFE30001BE8B /* komentare.png */,
				E9A418F1184DDFE30001BE8B /* popis.png */,
				E9A418F2184DDFE30001BE8B /* aktualnid_modry.png */,
				E9A418D3184DD3690001BE8B /* aktualni_modry.png */,
				E9A418D4184DD3690001BE8B /* aktualni.png */,
				E9A418D5184DD3690001BE8B /* nejblizsi_modry.png */,
				E9A418D6184DD3690001BE8B /* nejblizsi.png */,
				E9A418D7184DD3690001BE8B /* oblibene_bile.png */,
				E9A418D8184DD3690001BE8B /* oblibene_modre.png */,
				E9A418D9184DD3690001BE8B /* oblibene.png */,
				E9A418DC184DD3690001BE8B /* snow_bile.png */,
				E9A418DD184DD3690001BE8B /* snow_modre.png */,
				E9A418DE184DD3690001BE8B /* vlocka_info_parky.png */,
				B44390901822F8B2004A2BA7 /* Freeride Parks Info-Info.plist */,
				B44390911822F8B2004A2BA7 /* InfoPlist.strings */,
				B44390941822F8B2004A2BA7 /* main.m */,
				B44390961822F8B2004A2BA7 /* Freeride Parks Info-Prefix.pch */,
			);
			name = "Supporting Files";
			sourceTree = "<group>";
		};
		B44390BF1822F8FF004A2BA7 /* Obrazky */ = {
			isa = PBXGroup;
			children = (
				B43A642D1850FA500067BF27 /* okraj_detailpark.png */,
				B44390BD1822F8F3004A2BA7 /* pozadi.png */,
				B43A642F1850FC350067BF27 /* okraj_tableparky.png */,
				B43A6435185106000067BF27 /* vlocka.png */,
				B44390C118231D29004A2BA7 /* Dachstein_test.png */,
				B44390C518232178004A2BA7 /* snih.png */,
				B44390C318231FD6004A2BA7 /* prekazky_test.png */,
				B44390C01823193C004A2BA7 /* frlogo */,
			);
			name = Obrazky;
			sourceTree = "<group>";
		};
/* End PBXGroup section */

/* Begin PBXNativeTarget section */
		B44390841822F8B2004A2BA7 /* Freeride Parks Info */ = {
			isa = PBXNativeTarget;
			buildConfigurationList = B44390B71822F8B2004A2BA7 /* Build configuration list for PBXNativeTarget "Freeride Parks Info" */;
			buildPhases = (
				B44390811822F8B2004A2BA7 /* Sources */,
				B44390821822F8B2004A2BA7 /* Frameworks */,
				B44390831822F8B2004A2BA7 /* Resources */,
			);
			buildRules = (
			);
			dependencies = (
			);
			name = "Freeride Parks Info";
			productName = "Freeride Parks Info";
			productReference = B44390851822F8B2004A2BA7 /* Freeride Parks Info.app */;
			productType = "com.apple.product-type.application";
		};
/* End PBXNativeTarget section */

/* Begin PBXProject section */
		B443907D1822F8B2004A2BA7 /* Project object */ = {
			isa = PBXProject;
			attributes = {
				CLASSPREFIX = "Freeride Parks Info";
				LastUpgradeCheck = 0500;
				ORGANIZATIONNAME = "Appes developers s.r.o.";
			};
			buildConfigurationList = B44390801822F8B2004A2BA7 /* Build configuration list for PBXProject "Freeride Parks Info" */;
			compatibilityVersion = "Xcode 3.2";
			developmentRegion = English;
			hasScannedForEncodings = 0;
			knownRegions = (
				en,
				Base,
			);
			mainGroup = B443907C1822F8B2004A2BA7;
			productRefGroup = B44390861822F8B2004A2BA7 /* Products */;
			projectDirPath = "";
			projectRoot = "";
			targets = (
				B44390841822F8B2004A2BA7 /* Freeride Parks Info */,
			);
		};
/* End PBXProject section */

/* Begin PBXResourcesBuildPhase section */
		B44390831822F8B2004A2BA7 /* Resources */ = {
			isa = PBXResourcesBuildPhase;
			buildActionMask = 2147483647;
			files = (
				E9A418E2184DD3690001BE8B /* nejblizsi.png in Resources */,
				E9A418E1184DD3690001BE8B /* nejblizsi_modry.png in Resources */,
				E9A418DF184DD3690001BE8B /* aktualni_modry.png in Resources */,
				E9A418E3184DD3690001BE8B /* oblibene_bile.png in Resources */,
				B43A642E1850FA500067BF27 /* okraj_detailpark.png in Resources */,
				B43A6439185107B00067BF27 /* park_neprovoz.png in Resources */,
				B44390C618232178004A2BA7 /* snih.png in Resources */,
				E9A418E4184DD3690001BE8B /* oblibene_modre.png in Resources */,
				B44390BE1822F8F3004A2BA7 /* pozadi.png in Resources */,
				E9A418F7184DDFE30001BE8B /* popis_modry.png in Resources */,
				E919685D18577B75009FA1E2 /* tableviewokraj_parky.png in Resources */,
				E9A418F8184DDFE30001BE8B /* komentare.png in Resources */,
				E9A418FD184DEC1D0001BE8B /* prekazkaje.png in Resources */,
				B43A643A185107B00067BF27 /* park_v_provozu.png in Resources */,
				B44390A11822F8B2004A2BA7 /* Images.xcassets in Resources */,
				B44390C418231FD6004A2BA7 /* prekazky_test.png in Resources */,
				E9A418E5184DD3690001BE8B /* oblibene.png in Resources */,
				E9A418E8184DD3690001BE8B /* snow_bile.png in Resources */,
				E9A418F4184DDFE30001BE8B /* aktualnid.png in Resources */,
				E9A418FE184DEC1D0001BE8B /* prekazkaneni.png in Resources */,
				E9A418F5184DDFE30001BE8B /* komentare_detail.png in Resources */,
				B44390931822F8B2004A2BA7 /* InfoPlist.strings in Resources */,
				E9A418FA184DDFE30001BE8B /* aktualnid_modry.png in Resources */,
				E9A418F6184DDFE30001BE8B /* navigovat.png in Resources */,
				E919685E18577B75009FA1E2 /* tableviewokraj_detailparku.png in Resources */,
				E9A418E9184DD3690001BE8B /* snow_modre.png in Resources */,
				E9A418F3184DDFE30001BE8B /* navigovat_modry.png in Resources */,
				E9A418EA184DD3690001BE8B /* vlocka_info_parky.png in Resources */,
				B443909C1822F8B2004A2BA7 /* Main.storyboard in Resources */,
				E9A418F9184DDFE30001BE8B /* popis.png in Resources */,
				B43A64301850FC350067BF27 /* okraj_tableparky.png in Resources */,
				B43A6436185106000067BF27 /* vlocka.png in Resources */,
				E9A418E0184DD3690001BE8B /* aktualni.png in Resources */,
				B44390C218231D29004A2BA7 /* Dachstein_test.png in Resources */,
			);
			runOnlyForDeploymentPostprocessing = 0;
		};
/* End PBXResourcesBuildPhase section */

/* Begin PBXSourcesBuildPhase section */
		B44390811822F8B2004A2BA7 /* Sources */ = {
			isa = PBXSourcesBuildPhase;
			buildActionMask = 2147483647;
			files = (
				E950E642184C96D200D94C51 /* DetailViewController.m in Sources */,
				B443909F1822F8B2004A2BA7 /* Freeride_Parks_InfoViewController.m in Sources */,
				E950E64B184C975600D94C51 /* PrekazkyCell.m in Sources */,
				E950E645184C96ED00D94C51 /* DetailCell.m in Sources */,
				E950E648184C972800D94C51 /* PrekazkyViewController.m in Sources */,
				E90587F018509ACD00C13C4D /* fotkaCell.m in Sources */,
				E950E63D184BCA8700D94C51 /* SeznamCell.m in Sources */,
				B44390991822F8B2004A2BA7 /* Freeride_Parks_InfoAppDelegate.m in Sources */,
				E90587ED18509A9400C13C4D /* fotkyView.m in Sources */,
				B44390951822F8B2004A2BA7 /* main.m in Sources */,
			);
			runOnlyForDeploymentPostprocessing = 0;
		};
/* End PBXSourcesBuildPhase section */

/* Begin PBXVariantGroup section */
		B44390911822F8B2004A2BA7 /* InfoPlist.strings */ = {
			isa = PBXVariantGroup;
			children = (
				B44390921822F8B2004A2BA7 /* en */,
			);
			name = InfoPlist.strings;
			sourceTree = "<group>";
		};
		B443909A1822F8B2004A2BA7 /* Main.storyboard */ = {
			isa = PBXVariantGroup;
			children = (
				B443909B1822F8B2004A2BA7 /* Base */,
			);
			name = Main.storyboard;
			sourceTree = "<group>";
		};
/* End PBXVariantGroup section */

/* Begin XCBuildConfiguration section */
		B44390B51822F8B2004A2BA7 /* Debug */ = {
			isa = XCBuildConfiguration;
			buildSettings = {
				ALWAYS_SEARCH_USER_PATHS = NO;
				ARCHS = "$(ARCHS_STANDARD_INCLUDING_64_BIT)";
				CLANG_CXX_LANGUAGE_STANDARD = "gnu++0x";
				CLANG_CXX_LIBRARY = "libc++";
				CLANG_ENABLE_MODULES = YES;
				CLANG_ENABLE_OBJC_ARC = YES;
				CLANG_WARN_BOOL_CONVERSION = YES;
				CLANG_WARN_CONSTANT_CONVERSION = YES;
				CLANG_WARN_DIRECT_OBJC_ISA_USAGE = YES_ERROR;
				CLANG_WARN_EMPTY_BODY = YES;
				CLANG_WARN_ENUM_CONVERSION = YES;
				CLANG_WARN_INT_CONVERSION = YES;
				CLANG_WARN_OBJC_ROOT_CLASS = YES_ERROR;
				CLANG_WARN__DUPLICATE_METHOD_MATCH = YES;
				"CODE_SIGN_IDENTITY[sdk=iphoneos*]" = "iPhone Developer";
				COPY_PHASE_STRIP = NO;
				GCC_C_LANGUAGE_STANDARD = gnu99;
				GCC_DYNAMIC_NO_PIC = NO;
				GCC_OPTIMIZATION_LEVEL = 0;
				GCC_PREPROCESSOR_DEFINITIONS = (
					"DEBUG=1",
					"$(inherited)",
				);
				GCC_SYMBOLS_PRIVATE_EXTERN = NO;
				GCC_WARN_64_TO_32_BIT_CONVERSION = YES;
				GCC_WARN_ABOUT_RETURN_TYPE = YES_ERROR;
				GCC_WARN_UNDECLARED_SELECTOR = YES;
				GCC_WARN_UNINITIALIZED_AUTOS = YES;
				GCC_WARN_UNUSED_FUNCTION = YES;
				GCC_WARN_UNUSED_VARIABLE = YES;
				IPHONEOS_DEPLOYMENT_TARGET = 7.0;
				ONLY_ACTIVE_ARCH = YES;
				SDKROOT = iphoneos;
			};
			name = Debug;
		};
		B44390B61822F8B2004A2BA7 /* Release */ = {
			isa = XCBuildConfiguration;
			buildSettings = {
				ALWAYS_SEARCH_USER_PATHS = NO;
				ARCHS = "$(ARCHS_STANDARD_INCLUDING_64_BIT)";
				CLANG_CXX_LANGUAGE_STANDARD = "gnu++0x";
				CLANG_CXX_LIBRARY = "libc++";
				CLANG_ENABLE_MODULES = YES;
				CLANG_ENABLE_OBJC_ARC = YES;
				CLANG_WARN_BOOL_CONVERSION = YES;
				CLANG_WARN_CONSTANT_CONVERSION = YES;
				CLANG_WARN_DIRECT_OBJC_ISA_USAGE = YES_ERROR;
				CLANG_WARN_EMPTY_BODY = YES;
				CLANG_WARN_ENUM_CONVERSION = YES;
				CLANG_WARN_INT_CONVERSION = YES;
				CLANG_WARN_OBJC_ROOT_CLASS = YES_ERROR;
				CLANG_WARN__DUPLICATE_METHOD_MATCH = YES;
				"CODE_SIGN_IDENTITY[sdk=iphoneos*]" = "iPhone Developer";
				COPY_PHASE_STRIP = YES;
				ENABLE_NS_ASSERTIONS = NO;
				GCC_C_LANGUAGE_STANDARD = gnu99;
				GCC_WARN_64_TO_32_BIT_CONVERSION = YES;
				GCC_WARN_ABOUT_RETURN_TYPE = YES_ERROR;
				GCC_WARN_UNDECLARED_SELECTOR = YES;
				GCC_WARN_UNINITIALIZED_AUTOS = YES;
				GCC_WARN_UNUSED_FUNCTION = YES;
				GCC_WARN_UNUSED_VARIABLE = YES;
				IPHONEOS_DEPLOYMENT_TARGET = 7.0;
				SDKROOT = iphoneos;
				VALIDATE_PRODUCT = YES;
			};
			name = Release;
		};
		B44390B81822F8B2004A2BA7 /* Debug */ = {
			isa = XCBuildConfiguration;
			buildSettings = {
				ASSETCATALOG_COMPILER_APPICON_NAME = AppIcon;
				ASSETCATALOG_COMPILER_LAUNCHIMAGE_NAME = LaunchImage;
				CODE_SIGN_IDENTITY = "iPhone Developer: David Kratochvil (4WB5PQVFLZ)";
				FRAMEWORK_SEARCH_PATHS = (
					"$(inherited)",
					"/Users/davidkratochvil/Desktop/Freeride\\ Parks\\ Info/Freeride\\ Parks\\ Info",
					"/Users/yanrenelt/Desktop/Freeride\\ Parks\\ Info",
					/Users/davidkratochvil/Documents/iOS/parksInfo,
				);
				GCC_PRECOMPILE_PREFIX_HEADER = YES;
				GCC_PREFIX_HEADER = "Freeride Parks Info/Freeride Parks Info-Prefix.pch";
				INFOPLIST_FILE = "Freeride Parks Info/Freeride Parks Info-Info.plist";
				OTHER_LDFLAGS = "-ObjC";
				PRODUCT_NAME = "$(TARGET_NAME)";
				WRAPPER_EXTENSION = app;
			};
			name = Debug;
		};
		B44390B91822F8B2004A2BA7 /* Release */ = {
			isa = XCBuildConfiguration;
			buildSettings = {
				ASSETCATALOG_COMPILER_APPICON_NAME = AppIcon;
				ASSETCATALOG_COMPILER_LAUNCHIMAGE_NAME = LaunchImage;
				CODE_SIGN_IDENTITY = "iPhone Developer: David Kratochvil (4WB5PQVFLZ)";
				FRAMEWORK_SEARCH_PATHS = (
					"$(inherited)",
					"/Users/davidkratochvil/Desktop/Freeride\\ Parks\\ Info/Freeride\\ Parks\\ Info",
					"/Users/yanrenelt/Desktop/Freeride\\ Parks\\ Info",
					/Users/davidkratochvil/Documents/iOS/parksInfo,
				);
				GCC_PRECOMPILE_PREFIX_HEADER = YES;
				GCC_PREFIX_HEADER = "Freeride Parks Info/Freeride Parks Info-Prefix.pch";
				INFOPLIST_FILE = "Freeride Parks Info/Freeride Parks Info-Info.plist";
				OTHER_LDFLAGS = "-ObjC";
				PRODUCT_NAME = "$(TARGET_NAME)";
				WRAPPER_EXTENSION = app;
			};
			name = Release;
		};
/* End XCBuildConfiguration section */

/* Begin XCConfigurationList section */
		B44390801822F8B2004A2BA7 /* Build configuration list for PBXProject "Freeride Parks Info" */ = {
			isa = XCConfigurationList;
			buildConfigurations = (
				B44390B51822F8B2004A2BA7 /* Debug */,
				B44390B61822F8B2004A2BA7 /* Release */,
			);
			defaultConfigurationIsVisible = 0;
			defaultConfigurationName = Release;
		};
		B44390B71822F8B2004A2BA7 /* Build configuration list for PBXNativeTarget "Freeride Parks Info" */ = {
			isa = XCConfigurationList;
			buildConfigurations = (
				B44390B81822F8B2004A2BA7 /* Debug */,
				B44390B91822F8B2004A2BA7 /* Release */,
			);
			defaultConfigurationIsVisible = 0;
			defaultConfigurationName = Release;
		};
/* End XCConfigurationList section */
	};
	rootObject = B443907D1822F8B2004A2BA7 /* Project object */;
}
